
Microsoft Visual Studio Solution File, Format Version 12.00
Project("{FAE04EC0-301F-11D3-BF4B-00C04F79EFBC}") = "SlotMachineTests", "SlotMachineTests\SlotMachineTests.csproj", "{DA08DF3F-0826-4B1D-8622-A84D4AF9A216}"
EndProject
Project("{FAE04EC0-301F-11D3-BF4B-00C04F79EFBC}") = "Tests", "Tests\Tests.csproj", "{7A055FD8-F9F9-4B13-ACE1-BC865D8923A9}"
EndProject
Global
	GlobalSection(SolutionConfigurationPlatforms) = preSolution
		Debug|Any CPU = Debug|Any CPU
		Release|Any CPU = Release|Any CPU
	EndGlobalSection
	GlobalSection(ProjectConfigurationPlatforms) = postSolution
		{DA08DF3F-0826-4B1D-8622-A84D4AF9A216}.Debug|Any CPU.ActiveCfg = Debug|Any CPU
		{DA08DF3F-0826-4B1D-8622-A84D4AF9A216}.Debug|Any CPU.Build.0 = Debug|Any CPU
		{DA08DF3F-0826-4B1D-8622-A84D4AF9A216}.Release|Any CPU.ActiveCfg = Release|Any CPU
		{DA08DF3F-0826-4B1D-8622-A84D4AF9A216}.Release|Any CPU.Build.0 = Release|Any CPU
		{7A055FD8-F9F9-4B13-ACE1-BC865D8923A9}.Debug|Any CPU.ActiveCfg = Debug|Any CPU
		{7A055FD8-F9F9-4B13-ACE1-BC865D8923A9}.Debug|Any CPU.Build.0 = Debug|Any CPU
		{7A055FD8-F9F9-4B13-ACE1-BC865D8923A9}.Release|Any CPU.ActiveCfg = Release|Any CPU
		{7A055FD8-F9F9-4B13-ACE1-BC865D8923A9}.Release|Any CPU.Build.0 = Release|Any CPU
	EndGlobalSection
EndGlobal
